PODS:
  - SwiftChess (1.0)

DEPENDENCIES:
  - SwiftChess (from `https://github.com/markypizz/SwiftChess`)

EXTERNAL SOURCES:
  SwiftChess:
    :git: https://github.com/markypizz/SwiftChess

CHECKOUT OPTIONS:
  SwiftChess:
    :commit: 36c9c853ba7f96e0a1d15348bdaf442bfe46f7db
    :git: https://github.com/markypizz/SwiftChess

SPEC CHECKSUMS:
  SwiftChess: e498d292c070b89d2d14cfffcf8d1ee270e44cad

PODFILE CHECKSUM: b2964ccedd60eb808996957b339f50c1d5650586

COCOAPODS: 1.6.1
