// !$*UTF8*$!
{
	archiveVersion = 1;
	classes = {
	};
	objectVersion = 50;
	objects = {

/* Begin PBXBuildFile section */
		2301305B2202D72300967ABC /* BoardSelectCollectionViewController.swift in Sources */ = {isa = PBXBuildFile; fileRef = 2301305A2202D72300967ABC /* BoardSelectCollectionViewController.swift */; };
		2301305D2202D7FC00967ABC /* BoardOptionsCollectionViewCell.swift in Sources */ = {isa = PBXBuildFile; fileRef = 2301305C2202D7FC00967ABC /* BoardOptionsCollectionViewCell.swift */; };
		230DB99F22236B9600C4A0AC /* InGameOptionsTableViewController.swift in Sources */ = {isa = PBXBuildFile; fileRef = 230DB99E22236B9600C4A0AC /* InGameOptionsTableViewController.swift */; };
		231201BF21DDB18C002754D9 /* ChessGame.swift in Sources */ = {isa = PBXBuildFile; fileRef = 231201BE21DDB18C002754D9 /* ChessGame.swift */; };
		2341B7FC222A776F00C383F2 /* OptionsPageViewController.swift in Sources */ = {isa = PBXBuildFile; fileRef = 2341B7FB222A776F00C383F2 /* OptionsPageViewController.swift */; };
		234580BD21D1EE0100CF6956 /* ChessScene.scn in Resources */ = {isa = PBXBuildFile; fileRef = 234580BC21D1EE0100CF6956 /* ChessScene.scn */; };
		234580C421D1F13F00CF6956 /* ChessScene.swift in Sources */ = {isa = PBXBuildFile; fileRef = 234580C321D1F13F00CF6956 /* ChessScene.swift */; };
		2348349721FD165D00BB9DF6 /* DemoScene.scn in Resources */ = {isa = PBXBuildFile; fileRef = 2348349621FD165D00BB9DF6 /* DemoScene.scn */; };
		2348349921FD1D4C00BB9DF6 /* PopoverDifficultyViewController.swift in Sources */ = {isa = PBXBuildFile; fileRef = 2348349821FD1D4C00BB9DF6 /* PopoverDifficultyViewController.swift */; };
		2348349C21FD1D7000BB9DF6 /* DemoScene.swift in Sources */ = {isa = PBXBuildFile; fileRef = 2348349B21FD1D7000BB9DF6 /* DemoScene.swift */; };
		2361C10321D1870B004362A5 /* AppDelegate.swift in Sources */ = {isa = PBXBuildFile; fileRef = 2361C10221D1870B004362A5 /* AppDelegate.swift */; };
		2361C10B21D1870B004362A5 /* GameViewController.swift in Sources */ = {isa = PBXBuildFile; fileRef = 2361C10A21D1870B004362A5 /* GameViewController.swift */; };
		2361C10E21D1870B004362A5 /* Main.storyboard in Resources */ = {isa = PBXBuildFile; fileRef = 2361C10C21D1870B004362A5 /* Main.storyboard */; };
		2361C11021D1870D004362A5 /* Assets.xcassets in Resources */ = {isa = PBXBuildFile; fileRef = 2361C10F21D1870D004362A5 /* Assets.xcassets */; };
		2361C11321D1870D004362A5 /* LaunchScreen.storyboard in Resources */ = {isa = PBXBuildFile; fileRef = 2361C11121D1870D004362A5 /* LaunchScreen.storyboard */; };
		2361C11E21D1870D004362A5 /* ChessTests.swift in Sources */ = {isa = PBXBuildFile; fileRef = 2361C11D21D1870D004362A5 /* ChessTests.swift */; };
		2366F77121D5F58800218D09 /* SetupViewController.swift in Sources */ = {isa = PBXBuildFile; fileRef = 2366F77021D5F58800218D09 /* SetupViewController.swift */; };
		23A9017921D9E0D400A05808 /* Chess.swift in Sources */ = {isa = PBXBuildFile; fileRef = 23A9017821D9E0D400A05808 /* Chess.swift */; };
		23E1BAE9222B16530068AFF3 /* SideSelectCollectionViewController.swift in Sources */ = {isa = PBXBuildFile; fileRef = 23E1BAE8222B16530068AFF3 /* SideSelectCollectionViewController.swift */; };
		23E1BAEB222B223C0068AFF3 /* OptionsViewController.swift in Sources */ = {isa = PBXBuildFile; fileRef = 23E1BAEA222B223C0068AFF3 /* OptionsViewController.swift */; };
		28DF01F57FBD37C689ADEACA /* Pods_ChessTests.framework in Frameworks */ = {isa = PBXBuildFile; fileRef = 7F8BB10473BF728AAF2FBA52 /* Pods_ChessTests.framework */; };
		D3F17FE91D2F50F5AD982DAE /* Pods_Chess.framework in Frameworks */ = {isa = PBXBuildFile; fileRef = 5D627E830E359A77CDC0950C /* Pods_Chess.framework */; };
/* End PBXBuildFile section */

/* Begin PBXContainerItemProxy section */
		2361C11A21D1870D004362A5 /* PBXContainerItemProxy */ = {
			isa = PBXContainerItemProxy;
			containerPortal = 2361C0F721D1870B004362A5 /* Project object */;
			proxyType = 1;
			remoteGlobalIDString = 2361C0FE21D1870B004362A5;
			remoteInfo = Chess;
		};
/* End PBXContainerItemProxy section */

/* Begin PBXFileReference section */
		1452C2AD7DDDEEAB95F093DD /* Pods-ChessTests.release.xcconfig */ = {isa = PBXFileReference; includeInIndex = 1; lastKnownFileType = text.xcconfig; name = "Pods-ChessTests.release.xcconfig"; path = "Pods/Target Support Files/Pods-ChessTests/Pods-ChessTests.release.xcconfig"; sourceTree = "<group>"; };
		2301305A2202D72300967ABC /* BoardSelectCollectionViewController.swift */ = {isa = PBXFileReference; lastKnownFileType = sourcecode.swift; path = BoardSelectCollectionViewController.swift; sourceTree = "<group>"; };
		2301305C2202D7FC00967ABC /* BoardOptionsCollectionViewCell.swift */ = {isa = PBXFileReference; lastKnownFileType = sourcecode.swift; path = BoardOptionsCollectionViewCell.swift; sourceTree = "<group>"; };
		230DB99E22236B9600C4A0AC /* InGameOptionsTableViewController.swift */ = {isa = PBXFileReference; lastKnownFileType = sourcecode.swift; path = InGameOptionsTableViewController.swift; sourceTree = "<group>"; };
		231201BE21DDB18C002754D9 /* ChessGame.swift */ = {isa = PBXFileReference; lastKnownFileType = sourcecode.swift; path = ChessGame.swift; sourceTree = "<group>"; };
		2341B7FB222A776F00C383F2 /* OptionsPageViewController.swift */ = {isa = PBXFileReference; lastKnownFileType = sourcecode.swift; path = OptionsPageViewController.swift; sourceTree = "<group>"; };
		234580BC21D1EE0100CF6956 /* ChessScene.scn */ = {isa = PBXFileReference; lastKnownFileType = file.bplist; path = ChessScene.scn; sourceTree = "<group>"; };
		234580C321D1F13F00CF6956 /* ChessScene.swift */ = {isa = PBXFileReference; lastKnownFileType = sourcecode.swift; path = ChessScene.swift; sourceTree = "<group>"; xcLanguageSpecificationIdentifier = xcode.lang.swift; };
		2348349621FD165D00BB9DF6 /* DemoScene.scn */ = {isa = PBXFileReference; lastKnownFileType = file.bplist; path = DemoScene.scn; sourceTree = "<group>"; };
		2348349821FD1D4C00BB9DF6 /* PopoverDifficultyViewController.swift */ = {isa = PBXFileReference; lastKnownFileType = sourcecode.swift; path = PopoverDifficultyViewController.swift; sourceTree = "<group>"; };
		2348349B21FD1D7000BB9DF6 /* DemoScene.swift */ = {isa = PBXFileReference; lastKnownFileType = sourcecode.swift; path = DemoScene.swift; sourceTree = "<group>"; };
		2361C0FF21D1870B004362A5 /* Chess.app */ = {isa = PBXFileReference; explicitFileType = wrapper.application; includeInIndex = 0; path = Chess.app; sourceTree = BUILT_PRODUCTS_DIR; };
		2361C10221D1870B004362A5 /* AppDelegate.swift */ = {isa = PBXFileReference; lastKnownFileType = sourcecode.swift; path = AppDelegate.swift; sourceTree = "<group>"; };
		2361C10A21D1870B004362A5 /* GameViewController.swift */ = {isa = PBXFileReference; lastKnownFileType = sourcecode.swift; path = GameViewController.swift; sourceTree = "<group>"; };
		2361C10D21D1870B004362A5 /* Base */ = {isa = PBXFileReference; lastKnownFileType = file.storyboard; name = Base; path = Base.lproj/Main.storyboard; sourceTree = "<group>"; };
		2361C10F21D1870D004362A5 /* Assets.xcassets */ = {isa = PBXFileReference; lastKnownFileType = folder.assetcatalog; path = Assets.xcassets; sourceTree = "<group>"; };
		2361C11221D1870D004362A5 /* Base */ = {isa = PBXFileReference; lastKnownFileType = file.storyboard; name = Base; path = Base.lproj/LaunchScreen.storyboard; sourceTree = "<group>"; };
		2361C11421D1870D004362A5 /* Info.plist */ = {isa = PBXFileReference; lastKnownFileType = text.plist.xml; path = Info.plist; sourceTree = "<group>"; };
		2361C11921D1870D004362A5 /* ChessTests.xctest */ = {isa = PBXFileReference; explicitFileType = wrapper.cfbundle; includeInIndex = 0; path = ChessTests.xctest; sourceTree = BUILT_PRODUCTS_DIR; };
		2361C11D21D1870D004362A5 /* ChessTests.swift */ = {isa = PBXFileReference; lastKnownFileType = sourcecode.swift; path = ChessTests.swift; sourceTree = "<group>"; };
		2361C11F21D1870D004362A5 /* Info.plist */ = {isa = PBXFileReference; lastKnownFileType = text.plist.xml; path = Info.plist; sourceTree = "<group>"; };
		2366F77021D5F58800218D09 /* SetupViewController.swift */ = {isa = PBXFileReference; lastKnownFileType = sourcecode.swift; path = SetupViewController.swift; sourceTree = "<group>"; };
		23A9017821D9E0D400A05808 /* Chess.swift */ = {isa = PBXFileReference; lastKnownFileType = sourcecode.swift; path = Chess.swift; sourceTree = "<group>"; };
		23E1BAE8222B16530068AFF3 /* SideSelectCollectionViewController.swift */ = {isa = PBXFileReference; lastKnownFileType = sourcecode.swift; path = SideSelectCollectionViewController.swift; sourceTree = "<group>"; };
		23E1BAEA222B223C0068AFF3 /* OptionsViewController.swift */ = {isa = PBXFileReference; lastKnownFileType = sourcecode.swift; path = OptionsViewController.swift; sourceTree = "<group>"; };
		55F87506BC3438FA09897DB9 /* Pods-Chess.debug.xcconfig */ = {isa = PBXFileReference; includeInIndex = 1; lastKnownFileType = text.xcconfig; name = "Pods-Chess.debug.xcconfig"; path = "Pods/Target Support Files/Pods-Chess/Pods-Chess.debug.xcconfig"; sourceTree = "<group>"; };
		5D627E830E359A77CDC0950C /* Pods_Chess.framework */ = {isa = PBXFileReference; explicitFileType = wrapper.framework; includeInIndex = 0; path = Pods_Chess.framework; sourceTree = BUILT_PRODUCTS_DIR; };
		7F8BB10473BF728AAF2FBA52 /* Pods_ChessTests.framework */ = {isa = PBXFileReference; explicitFileType = wrapper.framework; includeInIndex = 0; path = Pods_ChessTests.framework; sourceTree = BUILT_PRODUCTS_DIR; };
		8835C448404EFE8BC9E1D739 /* Pods-ChessTests.debug.xcconfig */ = {isa = PBXFileReference; includeInIndex = 1; lastKnownFileType = text.xcconfig; name = "Pods-ChessTests.debug.xcconfig"; path = "Pods/Target Support Files/Pods-ChessTests/Pods-ChessTests.debug.xcconfig"; sourceTree = "<group>"; };
		C9A73B9968E6B210BC271537 /* Pods-Chess.release.xcconfig */ = {isa = PBXFileReference; includeInIndex = 1; lastKnownFileType = text.xcconfig; name = "Pods-Chess.release.xcconfig"; path = "Pods/Target Support Files/Pods-Chess/Pods-Chess.release.xcconfig"; sourceTree = "<group>"; };
/* End PBXFileReference section */

/* Begin PBXFrameworksBuildPhase section */
		2361C0FC21D1870B004362A5 /* Frameworks */ = {
			isa = PBXFrameworksBuildPhase;
			buildActionMask = 2147483647;
			files = (
				D3F17FE91D2F50F5AD982DAE /* Pods_Chess.framework in Frameworks */,
			);
			runOnlyForDeploymentPostprocessing = 0;
		};
		2361C11621D1870D004362A5 /* Frameworks */ = {
			isa = PBXFrameworksBuildPhase;
			buildActionMask = 2147483647;
			files = (
				28DF01F57FBD37C689ADEACA /* Pods_ChessTests.framework in Frameworks */,
			);
			runOnlyForDeploymentPostprocessing = 0;
		};
/* End PBXFrameworksBuildPhase section */

/* Begin PBXGroup section */
		2301305E2202D80200967ABC /* Board Selection */ = {
			isa = PBXGroup;
			children = (
				2301305C2202D7FC00967ABC /* BoardOptionsCollectionViewCell.swift */,
				2301305A2202D72300967ABC /* BoardSelectCollectionViewController.swift */,
				23E1BAE8222B16530068AFF3 /* SideSelectCollectionViewController.swift */,
				2341B7FB222A776F00C383F2 /* OptionsPageViewController.swift */,
				23E1BAEA222B223C0068AFF3 /* OptionsViewController.swift */,
			);
			path = "Board Selection";
			sourceTree = "<group>";
		};
		230DB9A022236BB600C4A0AC /* In-Game */ = {
			isa = PBXGroup;
			children = (
				234580BC21D1EE0100CF6956 /* ChessScene.scn */,
				234580C321D1F13F00CF6956 /* ChessScene.swift */,
				2361C10A21D1870B004362A5 /* GameViewController.swift */,
				230DB99E22236B9600C4A0AC /* InGameOptionsTableViewController.swift */,
			);
			path = "In-Game";
			sourceTree = "<group>";
		};
		2348349A21FD1D6500BB9DF6 /* Setup */ = {
			isa = PBXGroup;
			children = (
				2301305E2202D80200967ABC /* Board Selection */,
				2348349621FD165D00BB9DF6 /* DemoScene.scn */,
				2348349821FD1D4C00BB9DF6 /* PopoverDifficultyViewController.swift */,
				2348349B21FD1D7000BB9DF6 /* DemoScene.swift */,
				2366F77021D5F58800218D09 /* SetupViewController.swift */,
			);
			path = Setup;
			sourceTree = "<group>";
		};
		2361C0F621D1870B004362A5 = {
			isa = PBXGroup;
			children = (
				2361C10121D1870B004362A5 /* Chess */,
				2361C11C21D1870D004362A5 /* ChessTests */,
				2361C10021D1870B004362A5 /* Products */,
				54DC6AE005032BC664E1793B /* Pods */,
				C5DBBC61C4B60D15A4025B48 /* Frameworks */,
			);
			sourceTree = "<group>";
		};
		2361C10021D1870B004362A5 /* Products */ = {
			isa = PBXGroup;
			children = (
				2361C0FF21D1870B004362A5 /* Chess.app */,
				2361C11921D1870D004362A5 /* ChessTests.xctest */,
			);
			name = Products;
			sourceTree = "<group>";
		};
		2361C10121D1870B004362A5 /* Chess */ = {
			isa = PBXGroup;
			children = (
				2361C10221D1870B004362A5 /* AppDelegate.swift */,
				23A9017821D9E0D400A05808 /* Chess.swift */,
				231201BE21DDB18C002754D9 /* ChessGame.swift */,
				2361C10C21D1870B004362A5 /* Main.storyboard */,
				230DB9A022236BB600C4A0AC /* In-Game */,
				2348349A21FD1D6500BB9DF6 /* Setup */,
				2361C10F21D1870D004362A5 /* Assets.xcassets */,
				2361C11121D1870D004362A5 /* LaunchScreen.storyboard */,
				2361C11421D1870D004362A5 /* Info.plist */,
			);
			path = Chess;
			sourceTree = "<group>";
		};
		2361C11C21D1870D004362A5 /* ChessTests */ = {
			isa = PBXGroup;
			children = (
				2361C11D21D1870D004362A5 /* ChessTests.swift */,
				2361C11F21D1870D004362A5 /* Info.plist */,
			);
			path = ChessTests;
			sourceTree = "<group>";
		};
		54DC6AE005032BC664E1793B /* Pods */ = {
			isa = PBXGroup;
			children = (
				55F87506BC3438FA09897DB9 /* Pods-Chess.debug.xcconfig */,
				C9A73B9968E6B210BC271537 /* Pods-Chess.release.xcconfig */,
				8835C448404EFE8BC9E1D739 /* Pods-ChessTests.debug.xcconfig */,
				1452C2AD7DDDEEAB95F093DD /* Pods-ChessTests.release.xcconfig */,
			);
			name = Pods;
			sourceTree = "<group>";
		};
		C5DBBC61C4B60D15A4025B48 /* Frameworks */ = {
			isa = PBXGroup;
			children = (
				5D627E830E359A77CDC0950C /* Pods_Chess.framework */,
				7F8BB10473BF728AAF2FBA52 /* Pods_ChessTests.framework */,
			);
			name = Frameworks;
			sourceTree = "<group>";
		};
/* End PBXGroup section */

/* Begin PBXNativeTarget section */
		2361C0FE21D1870B004362A5 /* Chess */ = {
			isa = PBXNativeTarget;
			buildConfigurationList = 2361C12221D1870D004362A5 /* Build configuration list for PBXNativeTarget "Chess" */;
			buildPhases = (
				A0FBD15F8EE8D066D8770129 /* [CP] Check Pods Manifest.lock */,
				2361C0FB21D1870B004362A5 /* Sources */,
				2361C0FC21D1870B004362A5 /* Frameworks */,
				2361C0FD21D1870B004362A5 /* Resources */,
				62AA8EC5BD759A3F85E502B5 /* [CP] Embed Pods Frameworks */,
			);
			buildRules = (
			);
			dependencies = (
			);
			name = Chess;
			productName = Chess;
			productReference = 2361C0FF21D1870B004362A5 /* Chess.app */;
			productType = "com.apple.product-type.application";
		};
		2361C11821D1870D004362A5 /* ChessTests */ = {
			isa = PBXNativeTarget;
			buildConfigurationList = 2361C12521D1870D004362A5 /* Build configuration list for PBXNativeTarget "ChessTests" */;
			buildPhases = (
				FDE36B5EEDEF2E854D368AA5 /* [CP] Check Pods Manifest.lock */,
				2361C11521D1870D004362A5 /* Sources */,
				2361C11621D1870D004362A5 /* Frameworks */,
				2361C11721D1870D004362A5 /* Resources */,
			);
			buildRules = (
			);
			dependencies = (
				2361C11B21D1870D004362A5 /* PBXTargetDependency */,
			);
			name = ChessTests;
			productName = ChessTests;
			productReference = 2361C11921D1870D004362A5 /* ChessTests.xctest */;
			productType = "com.apple.product-type.bundle.unit-test";
		};
/* End PBXNativeTarget section */

/* Begin PBXProject section */
		2361C0F721D1870B004362A5 /* Project object */ = {
			isa = PBXProject;
			attributes = {
				LastSwiftUpdateCheck = 1010;
				LastUpgradeCheck = 1010;
				ORGANIZATIONNAME = "Mark Pizzutillo";
				TargetAttributes = {
					2361C0FE21D1870B004362A5 = {
						CreatedOnToolsVersion = 10.1;
					};
					2361C11821D1870D004362A5 = {
						CreatedOnToolsVersion = 10.1;
						TestTargetID = 2361C0FE21D1870B004362A5;
					};
				};
			};
			buildConfigurationList = 2361C0FA21D1870B004362A5 /* Build configuration list for PBXProject "Chess" */;
			compatibilityVersion = "Xcode 9.3";
			developmentRegion = en;
			hasScannedForEncodings = 0;
			knownRegions = (
				en,
				Base,
			);
			mainGroup = 2361C0F621D1870B004362A5;
			productRefGroup = 2361C10021D1870B004362A5 /* Products */;
			projectDirPath = "";
			projectRoot = "";
			targets = (
				2361C0FE21D1870B004362A5 /* Chess */,
				2361C11821D1870D004362A5 /* ChessTests */,
			);
		};
/* End PBXProject section */

/* Begin PBXResourcesBuildPhase section */
		2361C0FD21D1870B004362A5 /* Resources */ = {
			isa = PBXResourcesBuildPhase;
			buildActionMask = 2147483647;
			files = (
				234580BD21D1EE0100CF6956 /* ChessScene.scn in Resources */,
				2361C10E21D1870B004362A5 /* Main.storyboard in Resources */,
				2361C11021D1870D004362A5 /* Assets.xcassets in Resources */,
				2348349721FD165D00BB9DF6 /* DemoScene.scn in Resources */,
				2361C11321D1870D004362A5 /* LaunchScreen.storyboard in Resources */,
			);
			runOnlyForDeploymentPostprocessing = 0;
		};
		2361C11721D1870D004362A5 /* Resources */ = {
			isa = PBXResourcesBuildPhase;
			buildActionMask = 2147483647;
			files = (
			);
			runOnlyForDeploymentPostprocessing = 0;
		};
/* End PBXResourcesBuildPhase section */

/* Begin PBXShellScriptBuildPhase section */
		62AA8EC5BD759A3F85E502B5 /* [CP] Embed Pods Frameworks */ = {
			isa = PBXShellScriptBuildPhase;
			buildActionMask = 2147483647;
			files = (
			);
			inputFileListPaths = (
			);
			inputPaths = (
				"${SRCROOT}/Pods/Target Support Files/Pods-Chess/Pods-Chess-frameworks.sh",
				"${BUILT_PRODUCTS_DIR}/SwiftChess/SwiftChess.framework",
			);
			name = "[CP] Embed Pods Frameworks";
			outputFileListPaths = (
			);
			outputPaths = (
				"${TARGET_BUILD_DIR}/${FRAMEWORKS_FOLDER_PATH}/SwiftChess.framework",
			);
			runOnlyForDeploymentPostprocessing = 0;
			shellPath = /bin/sh;
			shellScript = "\"${SRCROOT}/Pods/Target Support Files/Pods-Chess/Pods-Chess-frameworks.sh\"\n";
			showEnvVarsInLog = 0;
		};
		A0FBD15F8EE8D066D8770129 /* [CP] Check Pods Manifest.lock */ = {
			isa = PBXShellScriptBuildPhase;
			buildActionMask = 2147483647;
			files = (
			);
			inputFileListPaths = (
			);
			inputPaths = (
				"${PODS_PODFILE_DIR_PATH}/Podfile.lock",
				"${PODS_ROOT}/Manifest.lock",
			);
			name = "[CP] Check Pods Manifest.lock";
			outputFileListPaths = (
			);
			outputPaths = (
				"$(DERIVED_FILE_DIR)/Pods-Chess-checkManifestLockResult.txt",
			);
			runOnlyForDeploymentPostprocessing = 0;
			shellPath = /bin/sh;
			shellScript = "diff \"${PODS_PODFILE_DIR_PATH}/Podfile.lock\" \"${PODS_ROOT}/Manifest.lock\" > /dev/null\nif [ $? != 0 ] ; then\n    # print error to STDERR\n    echo \"error: The sandbox is not in sync with the Podfile.lock. Run 'pod install' or update your CocoaPods installation.\" >&2\n    exit 1\nfi\n# This output is used by Xcode 'outputs' to avoid re-running this script phase.\necho \"SUCCESS\" > \"${SCRIPT_OUTPUT_FILE_0}\"\n";
			showEnvVarsInLog = 0;
		};
		FDE36B5EEDEF2E854D368AA5 /* [CP] Check Pods Manifest.lock */ = {
			isa = PBXShellScriptBuildPhase;
			buildActionMask = 2147483647;
			files = (
			);
			inputFileListPaths = (
			);
			inputPaths = (
				"${PODS_PODFILE_DIR_PATH}/Podfile.lock",
				"${PODS_ROOT}/Manifest.lock",
			);
			name = "[CP] Check Pods Manifest.lock";
			outputFileListPaths = (
			);
			outputPaths = (
				"$(DERIVED_FILE_DIR)/Pods-ChessTests-checkManifestLockResult.txt",
			);
			runOnlyForDeploymentPostprocessing = 0;
			shellPath = /bin/sh;
			shellScript = "diff \"${PODS_PODFILE_DIR_PATH}/Podfile.lock\" \"${PODS_ROOT}/Manifest.lock\" > /dev/null\nif [ $? != 0 ] ; then\n    # print error to STDERR\n    echo \"error: The sandbox is not in sync with the Podfile.lock. Run 'pod install' or update your CocoaPods installation.\" >&2\n    exit 1\nfi\n# This output is used by Xcode 'outputs' to avoid re-running this script phase.\necho \"SUCCESS\" > \"${SCRIPT_OUTPUT_FILE_0}\"\n";
			showEnvVarsInLog = 0;
		};
/* End PBXShellScriptBuildPhase section */

/* Begin PBXSourcesBuildPhase section */
		2361C0FB21D1870B004362A5 /* Sources */ = {
			isa = PBXSourcesBuildPhase;
			buildActionMask = 2147483647;
			files = (
				231201BF21DDB18C002754D9 /* ChessGame.swift in Sources */,
				2348349C21FD1D7000BB9DF6 /* DemoScene.swift in Sources */,
				23A9017921D9E0D400A05808 /* Chess.swift in Sources */,
				23E1BAEB222B223C0068AFF3 /* OptionsViewController.swift in Sources */,
				2301305B2202D72300967ABC /* BoardSelectCollectionViewController.swift in Sources */,
				2361C10B21D1870B004362A5 /* GameViewController.swift in Sources */,
				2361C10321D1870B004362A5 /* AppDelegate.swift in Sources */,
				2348349921FD1D4C00BB9DF6 /* PopoverDifficultyViewController.swift in Sources */,
				230DB99F22236B9600C4A0AC /* InGameOptionsTableViewController.swift in Sources */,
				2301305D2202D7FC00967ABC /* BoardOptionsCollectionViewCell.swift in Sources */,
				234580C421D1F13F00CF6956 /* ChessScene.swift in Sources */,
				2366F77121D5F58800218D09 /* SetupViewController.swift in Sources */,
				2341B7FC222A776F00C383F2 /* OptionsPageViewController.swift in Sources */,
				23E1BAE9222B16530068AFF3 /* SideSelectCollectionViewController.swift in Sources */,
			);
			runOnlyForDeploymentPostprocessing = 0;
		};
		2361C11521D1870D004362A5 /* Sources */ = {
			isa = PBXSourcesBuildPhase;
			buildActionMask = 2147483647;
			files = (
				2361C11E21D1870D004362A5 /* ChessTests.swift in Sources */,
			);
			runOnlyForDeploymentPostprocessing = 0;
		};
/* End PBXSourcesBuildPhase section */

/* Begin PBXTargetDependency section */
		2361C11B21D1870D004362A5 /* PBXTargetDependency */ = {
			isa = PBXTargetDependency;
			target = 2361C0FE21D1870B004362A5 /* Chess */;
			targetProxy = 2361C11A21D1870D004362A5 /* PBXContainerItemProxy */;
		};
/* End PBXTargetDependency section */

/* Begin PBXVariantGroup section */
		2361C10C21D1870B004362A5 /* Main.storyboard */ = {
			isa = PBXVariantGroup;
			children = (
				2361C10D21D1870B004362A5 /* Base */,
			);
			name = Main.storyboard;
			sourceTree = "<group>";
		};
		2361C11121D1870D004362A5 /* LaunchScreen.storyboard */ = {
			isa = PBXVariantGroup;
			children = (
				2361C11221D1870D004362A5 /* Base */,
			);
			name = LaunchScreen.storyboard;
			sourceTree = "<group>";
		};
/* End PBXVariantGroup section */

/* Begin XCBuildConfiguration section */
		2361C12021D1870D004362A5 /* Debug */ = {
			isa = XCBuildConfiguration;
			buildSettings = {
				ALWAYS_SEARCH_USER_PATHS = NO;
				CLANG_ANALYZER_NONNULL = YES;
				CLANG_ANALYZER_NUMBER_OBJECT_CONVERSION = YES_AGGRESSIVE;
				CLANG_CXX_LANGUAGE_STANDARD = "gnu++14";
				CLANG_CXX_LIBRARY = "libc++";
				CLANG_ENABLE_MODULES = YES;
				CLANG_ENABLE_OBJC_ARC = YES;
				CLANG_ENABLE_OBJC_WEAK = YES;
				CLANG_WARN_BLOCK_CAPTURE_AUTORELEASING = YES;
				CLANG_WARN_BOOL_CONVERSION = YES;
				CLANG_WARN_COMMA = YES;
				CLANG_WARN_CONSTANT_CONVERSION = YES;
				CLANG_WARN_DEPRECATED_OBJC_IMPLEMENTATIONS = YES;
				CLANG_WARN_DIRECT_OBJC_ISA_USAGE = YES_ERROR;
				CLANG_WARN_DOCUMENTATION_COMMENTS = YES;
				CLANG_WARN_EMPTY_BODY = YES;
				CLANG_WARN_ENUM_CONVERSION = YES;
				CLANG_WARN_INFINITE_RECURSION = YES;
				CLANG_WARN_INT_CONVERSION = YES;
				CLANG_WARN_NON_LITERAL_NULL_CONVERSION = YES;
				CLANG_WARN_OBJC_IMPLICIT_RETAIN_SELF = YES;
				CLANG_WARN_OBJC_LITERAL_CONVERSION = YES;
				CLANG_WARN_OBJC_ROOT_CLASS = YES_ERROR;
				CLANG_WARN_RANGE_LOOP_ANALYSIS = YES;
				CLANG_WARN_STRICT_PROTOTYPES = YES;
				CLANG_WARN_SUSPICIOUS_MOVE = YES;
				CLANG_WARN_UNGUARDED_AVAILABILITY = YES_AGGRESSIVE;
				CLANG_WARN_UNREACHABLE_CODE = YES;
				CLANG_WARN__DUPLICATE_METHOD_MATCH = YES;
				CODE_SIGN_IDENTITY = "iPhone Developer";
				COPY_PHASE_STRIP = NO;
				DEBUG_INFORMATION_FORMAT = dwarf;
				ENABLE_STRICT_OBJC_MSGSEND = YES;
				ENABLE_TESTABILITY = YES;
				GCC_C_LANGUAGE_STANDARD = gnu11;
				GCC_DYNAMIC_NO_PIC = NO;
				GCC_NO_COMMON_BLOCKS = YES;
				GCC_OPTIMIZATION_LEVEL = 0;
				GCC_PREPROCESSOR_DEFINITIONS = (
					"DEBUG=1",
					"$(inherited)",
				);
				GCC_WARN_64_TO_32_BIT_CONVERSION = YES;
				GCC_WARN_ABOUT_RETURN_TYPE = YES_ERROR;
				GCC_WARN_UNDECLARED_SELECTOR = YES;
				GCC_WARN_UNINITIALIZED_AUTOS = YES_AGGRESSIVE;
				GCC_WARN_UNUSED_FUNCTION = YES;
				GCC_WARN_UNUSED_VARIABLE = YES;
				IPHONEOS_DEPLOYMENT_TARGET = 12.1;
				MTL_ENABLE_DEBUG_INFO = INCLUDE_SOURCE;
				MTL_FAST_MATH = YES;
				ONLY_ACTIVE_ARCH = YES;
				SDKROOT = iphoneos;
				SWIFT_ACTIVE_COMPILATION_CONDITIONS = DEBUG;
				SWIFT_OPTIMIZATION_LEVEL = "-Onone";
			};
			name = Debug;
		};
		2361C12121D1870D004362A5 /* Release */ = {
			isa = XCBuildConfiguration;
			buildSettings = {
				ALWAYS_SEARCH_USER_PATHS = NO;
				CLANG_ANALYZER_NONNULL = YES;
				CLANG_ANALYZER_NUMBER_OBJECT_CONVERSION = YES_AGGRESSIVE;
				CLANG_CXX_LANGUAGE_STANDARD = "gnu++14";
				CLANG_CXX_LIBRARY = "libc++";
				CLANG_ENABLE_MODULES = YES;
				CLANG_ENABLE_OBJC_ARC = YES;
				CLANG_ENABLE_OBJC_WEAK = YES;
				CLANG_WARN_BLOCK_CAPTURE_AUTORELEASING = YES;
				CLANG_WARN_BOOL_CONVERSION = YES;
				CLANG_WARN_COMMA = YES;
				CLANG_WARN_CONSTANT_CONVERSION = YES;
				CLANG_WARN_DEPRECATED_OBJC_IMPLEMENTATIONS = YES;
				CLANG_WARN_DIRECT_OBJC_ISA_USAGE = YES_ERROR;
				CLANG_WARN_DOCUMENTATION_COMMENTS = YES;
				CLANG_WARN_EMPTY_BODY = YES;
				CLANG_WARN_ENUM_CONVERSION = YES;
				CLANG_WARN_INFINITE_RECURSION = YES;
				CLANG_WARN_INT_CONVERSION = YES;
				CLANG_WARN_NON_LITERAL_NULL_CONVERSION = YES;
				CLANG_WARN_OBJC_IMPLICIT_RETAIN_SELF = YES;
				CLANG_WARN_OBJC_LITERAL_CONVERSION = YES;
				CLANG_WARN_OBJC_ROOT_CLASS = YES_ERROR;
				CLANG_WARN_RANGE_LOOP_ANALYSIS = YES;
				CLANG_WARN_STRICT_PROTOTYPES = YES;
				CLANG_WARN_SUSPICIOUS_MOVE = YES;
				CLANG_WARN_UNGUARDED_AVAILABILITY = YES_AGGRESSIVE;
				CLANG_WARN_UNREACHABLE_CODE = YES;
				CLANG_WARN__DUPLICATE_METHOD_MATCH = YES;
				CODE_SIGN_IDENTITY = "iPhone Developer";
				COPY_PHASE_STRIP = NO;
				DEBUG_INFORMATION_FORMAT = "dwarf-with-dsym";
				ENABLE_NS_ASSERTIONS = NO;
				ENABLE_STRICT_OBJC_MSGSEND = YES;
				GCC_C_LANGUAGE_STANDARD = gnu11;
				GCC_NO_COMMON_BLOCKS = YES;
				GCC_WARN_64_TO_32_BIT_CONVERSION = YES;
				GCC_WARN_ABOUT_RETURN_TYPE = YES_ERROR;
				GCC_WARN_UNDECLARED_SELECTOR = YES;
				GCC_WARN_UNINITIALIZED_AUTOS = YES_AGGRESSIVE;
				GCC_WARN_UNUSED_FUNCTION = YES;
				GCC_WARN_UNUSED_VARIABLE = YES;
				IPHONEOS_DEPLOYMENT_TARGET = 12.1;
				MTL_ENABLE_DEBUG_INFO = NO;
				MTL_FAST_MATH = YES;
				SDKROOT = iphoneos;
				SWIFT_COMPILATION_MODE = wholemodule;
				SWIFT_OPTIMIZATION_LEVEL = "-O";
				VALIDATE_PRODUCT = YES;
			};
			name = Release;
		};
		2361C12321D1870D004362A5 /* Debug */ = {
			isa = XCBuildConfiguration;
			baseConfigurationReference = 55F87506BC3438FA09897DB9 /* Pods-Chess.debug.xcconfig */;
			buildSettings = {
				ASSETCATALOG_COMPILER_APPICON_NAME = AppIcon;
				CODE_SIGN_IDENTITY = "iPhone Developer";
				CODE_SIGN_STYLE = Automatic;
				DEVELOPMENT_TEAM = CN827DJS65;
				INFOPLIST_FILE = Chess/Info.plist;
				LD_RUNPATH_SEARCH_PATHS = (
					"$(inherited)",
					"@executable_path/Frameworks",
				);
				PRODUCT_BUNDLE_IDENTIFIER = mkp5284.Chess;
				PRODUCT_NAME = "$(TARGET_NAME)";
				PROVISIONING_PROFILE_SPECIFIER = "";
				SWIFT_VERSION = 4.2;
				TARGETED_DEVICE_FAMILY = "1,2";
			};
			name = Debug;
		};
		2361C12421D1870D004362A5 /* Release */ = {
			isa = XCBuildConfiguration;
			baseConfigurationReference = C9A73B9968E6B210BC271537 /* Pods-Chess.release.xcconfig */;
			buildSettings = {
				ASSETCATALOG_COMPILER_APPICON_NAME = AppIcon;
				CODE_SIGN_IDENTITY = "iPhone Developer";
				CODE_SIGN_STYLE = Automatic;
				DEVELOPMENT_TEAM = CN827DJS65;
				INFOPLIST_FILE = Chess/Info.plist;
				LD_RUNPATH_SEARCH_PATHS = (
					"$(inherited)",
					"@executable_path/Frameworks",
				);
				PRODUCT_BUNDLE_IDENTIFIER = mkp5284.Chess;
				PRODUCT_NAME = "$(TARGET_NAME)";
				PROVISIONING_PROFILE_SPECIFIER = "";
				SWIFT_VERSION = 4.2;
				TARGETED_DEVICE_FAMILY = "1,2";
			};
			name = Release;
		};
		2361C12621D1870D004362A5 /* Debug */ = {
			isa = XCBuildConfiguration;
			baseConfigurationReference = 8835C448404EFE8BC9E1D739 /* Pods-ChessTests.debug.xcconfig */;
			buildSettings = {
				ALWAYS_EMBED_SWIFT_STANDARD_LIBRARIES = YES;
				BUNDLE_LOADER = "$(TEST_HOST)";
				CODE_SIGN_STYLE = Automatic;
				DEVELOPMENT_TEAM = CN827DJS65;
				INFOPLIST_FILE = ChessTests/Info.plist;
				LD_RUNPATH_SEARCH_PATHS = (
					"$(inherited)",
					"@executable_path/Frameworks",
					"@loader_path/Frameworks",
				);
				PRODUCT_BUNDLE_IDENTIFIER = mkp5284.ChessTests;
				PRODUCT_NAME = "$(TARGET_NAME)";
				SWIFT_VERSION = 4.2;
				TARGETED_DEVICE_FAMILY = "1,2";
				TEST_HOST = "$(BUILT_PRODUCTS_DIR)/Chess.app/Chess";
			};
			name = Debug;
		};
		2361C12721D1870D004362A5 /* Release */ = {
			isa = XCBuildConfiguration;
			baseConfigurationReference = 1452C2AD7DDDEEAB95F093DD /* Pods-ChessTests.release.xcconfig */;
			buildSettings = {
				ALWAYS_EMBED_SWIFT_STANDARD_LIBRARIES = YES;
				BUNDLE_LOADER = "$(TEST_HOST)";
				CODE_SIGN_STYLE = Automatic;
				DEVELOPMENT_TEAM = CN827DJS65;
				INFOPLIST_FILE = ChessTests/Info.plist;
				LD_RUNPATH_SEARCH_PATHS = (
					"$(inherited)",
					"@executable_path/Frameworks",
					"@loader_path/Frameworks",
				);
				PRODUCT_BUNDLE_IDENTIFIER = mkp5284.ChessTests;
				PRODUCT_NAME = "$(TARGET_NAME)";
				SWIFT_VERSION = 4.2;
				TARGETED_DEVICE_FAMILY = "1,2";
				TEST_HOST = "$(BUILT_PRODUCTS_DIR)/Chess.app/Chess";
			};
			name = Release;
		};
/* End XCBuildConfiguration section */

/* Begin XCConfigurationList section */
		2361C0FA21D1870B004362A5 /* Build configuration list for PBXProject "Chess" */ = {
			isa = XCConfigurationList;
			buildConfigurations = (
				2361C12021D1870D004362A5 /* Debug */,
				2361C12121D1870D004362A5 /* Release */,
			);
			defaultConfigurationIsVisible = 0;
			defaultConfigurationName = Release;
		};
		2361C12221D1870D004362A5 /* Build configuration list for PBXNativeTarget "Chess" */ = {
			isa = XCConfigurationList;
			buildConfigurations = (
				2361C12321D1870D004362A5 /* Debug */,
				2361C12421D1870D004362A5 /* Release */,
			);
			defaultConfigurationIsVisible = 0;
			defaultConfigurationName = Release;
		};
		2361C12521D1870D004362A5 /* Build configuration list for PBXNativeTarget "ChessTests" */ = {
			isa = XCConfigurationList;
			buildConfigurations = (
				2361C12621D1870D004362A5 /* Debug */,
				2361C12721D1870D004362A5 /* Release */,
			);
			defaultConfigurationIsVisible = 0;
			defaultConfigurationName = Release;
		};
/* End XCConfigurationList section */
	};
	rootObject = 2361C0F721D1870B004362A5 /* Project object */;
}
